PODS:
  - UICKeyChainStore (2.1.2)

DEPENDENCIES:
  - UICKeyChainStore

SPEC REPOS:
  https://github.com/cocoapods/specs.git:
    - UICKeyChainStore

SPEC CHECKSUMS:
  UICKeyChainStore: 85db518bb1d294366d15ec9b92a416c4e670518f

PODFILE CHECKSUM: 324f729c5f3f3aed57b5980ad436009b3be33cf5

COCOAPODS: 1.5.3
