PODS:
  - UICKeyChainStore (2.1.2)

DEPENDENCIES:
  - UICKeyChainStore

SPEC REPOS:
  https://github.com/cocoapods/specs.git:
    - UICKeyChainStore

SPEC CHECKSUMS:
  UICKeyChainStore: 85db518bb1d294366d15ec9b92a416c4e670518f

PODFILE CHECKSUM: 449bebb2837940f1d0d32ec2c28492fef04917dd

COCOAPODS: 1.5.3
